
Microsoft Visual Studio Solution File, Format Version 11.00
# Visual C# Express 2010
Project("{FAE04EC0-301F-11D3-BF4B-00C04F79EFBC}") = "Apriori", "Apriori\Apriori.csproj", "{BE36480C-DBCB-4FE1-B336-213738D59B68}"
EndProject
Global
	GlobalSection(SolutionConfigurationPlatforms) = preSolution
		Debug|x86 = Debug|x86
		Release|x86 = Release|x86
	EndGlobalSection
	GlobalSection(ProjectConfigurationPlatforms) = postSolution
		{BE36480C-DBCB-4FE1-B336-213738D59B68}.Debug|x86.ActiveCfg = Debug|x86
		{BE36480C-DBCB-4FE1-B336-213738D59B68}.Debug|x86.Build.0 = Debug|x86
		{BE36480C-DBCB-4FE1-B336-213738D59B68}.Release|x86.ActiveCfg = Release|x86
		{BE36480C-DBCB-4FE1-B336-213738D59B68}.Release|x86.Build.0 = Release|x86
	EndGlobalSection
	GlobalSection(SolutionProperties) = preSolution
		HideSolutionNode = FALSE
	EndGlobalSection
EndGlobal
